
Microsoft Visual Studio Solution File, Format Version 12.00
# Visual Studio Version 17
VisualStudioVersion = 17.12.35506.116
MinimumVisualStudioVersion = 10.0.40219.1
Project("{FAE04EC0-301F-11D3-BF4B-00C04F79EFBC}") = "Models", "Models\Models.csproj", "{0E7B659E-BA65-4A52-B114-5298887EDB21}"
EndProject
Project("{FAE04EC0-301F-11D3-BF4B-00C04F79EFBC}") = "WebService", "WebService\WebService.csproj", "{AA3A4DAD-5F9B-476F-AB32-CFD5754A9FDC}"
EndProject
Project("{FAE04EC0-301F-11D3-BF4B-00C04F79EFBC}") = "ExternalWebService", "ExternalWebService\ExternalWebService.csproj", "{DCECF83C-EBD9-477B-AF28-95848D8E6530}"
EndProject
Project("{FAE04EC0-301F-11D3-BF4B-00C04F79EFBC}") = "WebApiClient", "WebApiClient\WebApiClient.csproj", "{6BEE9740-DC6A-4828-89C4-1658A0D21491}"
EndProject
Project("{FAE04EC0-301F-11D3-BF4B-00C04F79EFBC}") = "MallWebApplication", "MallWebApplication\MallWebApplication.csproj", "{D5575D51-966C-47AE-95D3-44A979285197}"
EndProject
Project("{FAE04EC0-301F-11D3-BF4B-00C04F79EFBC}") = "MallAdmin", "MallAdmin\MallAdmin.csproj", "{4ADAFD1C-A07B-4A5D-B7BB-D38A9B159F9C}"
EndProject
Project("{FAE04EC0-301F-11D3-BF4B-00C04F79EFBC}") = "MallPhoneApp", "MallPhoneApp\MallPhoneApp.csproj", "{9B40011D-9961-419E-A06A-1CC2DEE6D535}"
EndProject
Global
	GlobalSection(SolutionConfigurationPlatforms) = preSolution
		Debug|Any CPU = Debug|Any CPU
		Release|Any CPU = Release|Any CPU
	EndGlobalSection
	GlobalSection(ProjectConfigurationPlatforms) = postSolution
		{0E7B659E-BA65-4A52-B114-5298887EDB21}.Debug|Any CPU.ActiveCfg = Debug|Any CPU
		{0E7B659E-BA65-4A52-B114-5298887EDB21}.Debug|Any CPU.Build.0 = Debug|Any CPU
		{0E7B659E-BA65-4A52-B114-5298887EDB21}.Release|Any CPU.ActiveCfg = Release|Any CPU
		{0E7B659E-BA65-4A52-B114-5298887EDB21}.Release|Any CPU.Build.0 = Release|Any CPU
		{AA3A4DAD-5F9B-476F-AB32-CFD5754A9FDC}.Debug|Any CPU.ActiveCfg = Debug|Any CPU
		{AA3A4DAD-5F9B-476F-AB32-CFD5754A9FDC}.Debug|Any CPU.Build.0 = Debug|Any CPU
		{AA3A4DAD-5F9B-476F-AB32-CFD5754A9FDC}.Release|Any CPU.ActiveCfg = Release|Any CPU
		{AA3A4DAD-5F9B-476F-AB32-CFD5754A9FDC}.Release|Any CPU.Build.0 = Release|Any CPU
		{DCECF83C-EBD9-477B-AF28-95848D8E6530}.Debug|Any CPU.ActiveCfg = Debug|Any CPU
		{DCECF83C-EBD9-477B-AF28-95848D8E6530}.Debug|Any CPU.Build.0 = Debug|Any CPU
		{DCECF83C-EBD9-477B-AF28-95848D8E6530}.Release|Any CPU.ActiveCfg = Release|Any CPU
		{DCECF83C-EBD9-477B-AF28-95848D8E6530}.Release|Any CPU.Build.0 = Release|Any CPU
		{6BEE9740-DC6A-4828-89C4-1658A0D21491}.Debug|Any CPU.ActiveCfg = Debug|Any CPU
		{6BEE9740-DC6A-4828-89C4-1658A0D21491}.Debug|Any CPU.Build.0 = Debug|Any CPU
		{6BEE9740-DC6A-4828-89C4-1658A0D21491}.Release|Any CPU.ActiveCfg = Release|Any CPU
		{6BEE9740-DC6A-4828-89C4-1658A0D21491}.Release|Any CPU.Build.0 = Release|Any CPU
		{D5575D51-966C-47AE-95D3-44A979285197}.Debug|Any CPU.ActiveCfg = Debug|Any CPU
		{D5575D51-966C-47AE-95D3-44A979285197}.Debug|Any CPU.Build.0 = Debug|Any CPU
		{D5575D51-966C-47AE-95D3-44A979285197}.Release|Any CPU.ActiveCfg = Release|Any CPU
		{D5575D51-966C-47AE-95D3-44A979285197}.Release|Any CPU.Build.0 = Release|Any CPU
		{4ADAFD1C-A07B-4A5D-B7BB-D38A9B159F9C}.Debug|Any CPU.ActiveCfg = Debug|Any CPU
		{4ADAFD1C-A07B-4A5D-B7BB-D38A9B159F9C}.Debug|Any CPU.Build.0 = Debug|Any CPU
		{4ADAFD1C-A07B-4A5D-B7BB-D38A9B159F9C}.Release|Any CPU.ActiveCfg = Release|Any CPU
		{4ADAFD1C-A07B-4A5D-B7BB-D38A9B159F9C}.Release|Any CPU.Build.0 = Release|Any CPU
		{9B40011D-9961-419E-A06A-1CC2DEE6D535}.Debug|Any CPU.ActiveCfg = Debug|Any CPU
		{9B40011D-9961-419E-A06A-1CC2DEE6D535}.Debug|Any CPU.Build.0 = Debug|Any CPU
		{9B40011D-9961-419E-A06A-1CC2DEE6D535}.Release|Any CPU.ActiveCfg = Release|Any CPU
		{9B40011D-9961-419E-A06A-1CC2DEE6D535}.Release|Any CPU.Build.0 = Release|Any CPU
	EndGlobalSection
	GlobalSection(SolutionProperties) = preSolution
		HideSolutionNode = FALSE
	EndGlobalSection
	GlobalSection(ExtensibilityGlobals) = postSolution
		SolutionGuid = {05DB596D-13FB-43A6-BA56-24896DA96ADE}
	EndGlobalSection
EndGlobal
